
Microsoft Visual Studio Solution File, Format Version 12.00
# Visual Studio 15
VisualStudioVersion = 15.0.28010.2026
MinimumVisualStudioVersion = 10.0.40219.1
Project("{9A19103F-16F7-4668-BE54-9A1E7A4F7556}") = "CityCrimes.Web", "CityCrimes.Web\CityCrimes.Web.csproj", "{0FF320EA-5F4B-40A0-A61A-9AF386D57E12}"
EndProject
Project("{9A19103F-16F7-4668-BE54-9A1E7A4F7556}") = "CityCrimes.DAL", "CityCrimes.DAL\CityCrimes.DAL.csproj", "{D9B7DA51-E425-4F27-965A-5C9877FB6BF7}"
EndProject
Project("{9A19103F-16F7-4668-BE54-9A1E7A4F7556}") = "CityCrimes.DAL.Test", "CityCrimes.DAL.Test\CityCrimes.DAL.Test.csproj", "{1982237B-846B-4A2C-8A60-0EFA46A27F97}"
EndProject
Project("{9A19103F-16F7-4668-BE54-9A1E7A4F7556}") = "CityCrimes.Common", "CityCrimes.Common\CityCrimes.Common.csproj", "{6F45ACE0-F069-4DF4-A42A-51648370A4C5}"
EndProject
Global
	GlobalSection(SolutionConfigurationPlatforms) = preSolution
		Debug|Any CPU = Debug|Any CPU
		Release|Any CPU = Release|Any CPU
	EndGlobalSection
	GlobalSection(ProjectConfigurationPlatforms) = postSolution
		{0FF320EA-5F4B-40A0-A61A-9AF386D57E12}.Debug|Any CPU.ActiveCfg = Debug|Any CPU
		{0FF320EA-5F4B-40A0-A61A-9AF386D57E12}.Debug|Any CPU.Build.0 = Debug|Any CPU
		{0FF320EA-5F4B-40A0-A61A-9AF386D57E12}.Release|Any CPU.ActiveCfg = Release|Any CPU
		{0FF320EA-5F4B-40A0-A61A-9AF386D57E12}.Release|Any CPU.Build.0 = Release|Any CPU
		{D9B7DA51-E425-4F27-965A-5C9877FB6BF7}.Debug|Any CPU.ActiveCfg = Debug|Any CPU
		{D9B7DA51-E425-4F27-965A-5C9877FB6BF7}.Debug|Any CPU.Build.0 = Debug|Any CPU
		{D9B7DA51-E425-4F27-965A-5C9877FB6BF7}.Release|Any CPU.ActiveCfg = Release|Any CPU
		{D9B7DA51-E425-4F27-965A-5C9877FB6BF7}.Release|Any CPU.Build.0 = Release|Any CPU
		{1982237B-846B-4A2C-8A60-0EFA46A27F97}.Debug|Any CPU.ActiveCfg = Debug|Any CPU
		{1982237B-846B-4A2C-8A60-0EFA46A27F97}.Debug|Any CPU.Build.0 = Debug|Any CPU
		{1982237B-846B-4A2C-8A60-0EFA46A27F97}.Release|Any CPU.ActiveCfg = Release|Any CPU
		{1982237B-846B-4A2C-8A60-0EFA46A27F97}.Release|Any CPU.Build.0 = Release|Any CPU
		{6F45ACE0-F069-4DF4-A42A-51648370A4C5}.Debug|Any CPU.ActiveCfg = Debug|Any CPU
		{6F45ACE0-F069-4DF4-A42A-51648370A4C5}.Debug|Any CPU.Build.0 = Debug|Any CPU
		{6F45ACE0-F069-4DF4-A42A-51648370A4C5}.Release|Any CPU.ActiveCfg = Release|Any CPU
		{6F45ACE0-F069-4DF4-A42A-51648370A4C5}.Release|Any CPU.Build.0 = Release|Any CPU
	EndGlobalSection
	GlobalSection(SolutionProperties) = preSolution
		HideSolutionNode = FALSE
	EndGlobalSection
	GlobalSection(ExtensibilityGlobals) = postSolution
		SolutionGuid = {70A66698-EBE1-46E6-AFFA-26F3EE07C71A}
	EndGlobalSection
EndGlobal
